{
  "name": "create",
  "version": "1.0.0",
  "lockfileVersion": 1,
  "requires": true,
  "dependencies": {
    "@aws-crypto/ie11-detection": {
      "version": "1.0.0",
      "resolved": "https://registry.npmjs.org/@aws-crypto/ie11-detection/-/ie11-detection-1.0.0.tgz",
      "integrity": "sha512-kCKVhCF1oDxFYgQrxXmIrS5oaWulkvRcPz+QBDMsUr2crbF4VGgGT6+uQhSwJFdUAQ2A//Vq+uT83eJrkzFgXA==",
      "requires": {
        "tslib": "^1.11.1"
      },
      "dependencies": {
        "tslib": {
          "version": "1.14.1",
          "resolved": "https://registry.npmjs.org/tslib/-/tslib-1.14.1.tgz",
          "integrity": "sha512-Xni35NKzjgMrwevysHTCArtLDpPvye8zV/0E4EyYn43P7/7qvQwPh9BGkHewbMulVntbigmcT7rdX3BNo9wRJg=="
        }
      }
    },
    "@aws-crypto/sha256-browser": {
      "version": "1.1.0",
      "resolved": "https://registry.npmjs.org/@aws-crypto/sha256-browser/-/sha256-browser-1.1.0.tgz",
      "integrity": "sha512-VIpuLRDonMAHgomrsm/zKbeXTnxpr4aHDQmS4pF+NcpvBp64l675yjGA9hyUYs/QJwBjUl8WqMjh9tIRgi85Sg==",
      "requires": {
        "@aws-crypto/ie11-detection": "^1.0.0",
        "@aws-crypto/sha256-js": "^1.1.0",
        "@aws-crypto/supports-web-crypto": "^1.0.0",
        "@aws-sdk/types": "^3.1.0",
        "@aws-sdk/util-locate-window": "^3.0.0",
        "@aws-sdk/util-utf8-browser": "^3.0.0",
        "tslib": "^1.11.1"
      },
      "dependencies": {
        "tslib": {
          "version": "1.14.1",
          "resolved": "https://registry.npmjs.org/tslib/-/tslib-1.14.1.tgz",
          "integrity": "sha512-Xni35NKzjgMrwevysHTCArtLDpPvye8zV/0E4EyYn43P7/7qvQwPh9BGkHewbMulVntbigmcT7rdX3BNo9wRJg=="
        }
      }
    },
    "@aws-crypto/sha256-js": {
      "version": "1.1.0",
      "resolved": "https://registry.npmjs.org/@aws-crypto/sha256-js/-/sha256-js-1.1.0.tgz",
      "integrity": "sha512-VIhuqbPgXDVr8sZe2yhgQcDRRmzf4CI8fmC1A3bHiRfE6wlz1d8KpeemqbuoEHotz/Dch9yOxlshyQDNjNFeHA==",
      "requires": {
        "@aws-sdk/types": "^3.1.0",
        "@aws-sdk/util-utf8-browser": "^3.0.0",
        "tslib": "^1.11.1"
      },
      "dependencies": {
        "tslib": {
          "version": "1.14.1",
          "resolved": "https://registry.npmjs.org/tslib/-/tslib-1.14.1.tgz",
          "integrity": "sha512-Xni35NKzjgMrwevysHTCArtLDpPvye8zV/0E4EyYn43P7/7qvQwPh9BGkHewbMulVntbigmcT7rdX3BNo9wRJg=="
        }
      }
    },
    "@aws-crypto/supports-web-crypto": {
      "version": "1.0.0",
      "resolved": "https://registry.npmjs.org/@aws-crypto/supports-web-crypto/-/supports-web-crypto-1.0.0.tgz",
      "integrity": "sha512-IHLfv+WmVH89EW4n6a5eE8/hUlz6qkWGMn/v4r5ZgzcXdTC5nolii2z3k46y01hWRiC2PPhOdeSLzMUCUMco7g==",
      "requires": {
        "tslib": "^1.11.1"
      },
      "dependencies": {
        "tslib": {
          "version": "1.14.1",
          "resolved": "https://registry.npmjs.org/tslib/-/tslib-1.14.1.tgz",
          "integrity": "sha512-Xni35NKzjgMrwevysHTCArtLDpPvye8zV/0E4EyYn43P7/7qvQwPh9BGkHewbMulVntbigmcT7rdX3BNo9wRJg=="
        }
      }
    },
    "@aws-sdk/abort-controller": {
      "version": "3.12.0",
      "resolved": "https://registry.npmjs.org/@aws-sdk/abort-controller/-/abort-controller-3.12.0.tgz",
      "integrity": "sha512-oJcxAgtXWueed9j9UF59ytc/5zbq+pMEN85bJGUI8a0abZe/4Li54CsU2AQph1oijyHk9FQ3VtBkjripXBEaag==",
      "requires": {
        "@aws-sdk/types": "3.12.0",
        "tslib": "^1.8.0"
      },
      "dependencies": {
        "tslib": {
          "version": "1.14.1",
          "resolved": "https://registry.npmjs.org/tslib/-/tslib-1.14.1.tgz",
          "integrity": "sha512-Xni35NKzjgMrwevysHTCArtLDpPvye8zV/0E4EyYn43P7/7qvQwPh9BGkHewbMulVntbigmcT7rdX3BNo9wRJg=="
        }
      }
    },
    "@aws-sdk/client-dynamodb": {
      "version": "3.13.0",
      "resolved": "https://registry.npmjs.org/@aws-sdk/client-dynamodb/-/client-dynamodb-3.13.0.tgz",
      "integrity": "sha512-HG7PyOwRI1rveFcM91mv5hD3t2H1Fee0aOE6IkdTxJJI9Qf1hb3i0Xr4TFEV8w0DQoWekIlz1NcYEHDQpKZtBQ==",
      "requires": {
        "@aws-crypto/sha256-browser": "^1.0.0",
        "@aws-crypto/sha256-js": "^1.0.0",
        "@aws-sdk/client-sts": "3.13.0",
        "@aws-sdk/config-resolver": "3.12.0",
        "@aws-sdk/credential-provider-node": "3.13.0",
        "@aws-sdk/fetch-http-handler": "3.12.0",
        "@aws-sdk/hash-node": "3.12.0",
        "@aws-sdk/invalid-dependency": "3.12.0",
        "@aws-sdk/middleware-content-length": "3.12.0",
        "@aws-sdk/middleware-host-header": "3.12.0",
        "@aws-sdk/middleware-logger": "3.12.0",
        "@aws-sdk/middleware-retry": "3.12.0",
        "@aws-sdk/middleware-serde": "3.12.0",
        "@aws-sdk/middleware-signing": "3.12.0",
        "@aws-sdk/middleware-stack": "3.12.0",
        "@aws-sdk/middleware-user-agent": "3.12.0",
        "@aws-sdk/node-config-provider": "3.12.0",
        "@aws-sdk/node-http-handler": "3.12.0",
        "@aws-sdk/protocol-http": "3.12.0",
        "@aws-sdk/smithy-client": "3.12.0",
        "@aws-sdk/types": "3.12.0",
        "@aws-sdk/url-parser": "3.12.0",
        "@aws-sdk/util-base64-browser": "3.12.0",
        "@aws-sdk/util-base64-node": "3.12.0",
        "@aws-sdk/util-body-length-browser": "3.12.0",
        "@aws-sdk/util-body-length-node": "3.12.0",
        "@aws-sdk/util-user-agent-browser": "3.12.0",
        "@aws-sdk/util-user-agent-node": "3.12.0",
        "@aws-sdk/util-utf8-browser": "3.12.0",
        "@aws-sdk/util-utf8-node": "3.12.0",
        "@aws-sdk/util-waiter": "3.12.0",
        "tslib": "^2.0.0",
        "uuid": "^8.3.2"
      }
    },
    "@aws-sdk/client-sso": {
      "version": "3.13.0",
      "resolved": "https://registry.npmjs.org/@aws-sdk/client-sso/-/client-sso-3.13.0.tgz",
      "integrity": "sha512-ynnicyGeDDc9VK1sCYWUcl8M7BA6f0mMCxsEfDXLtc/5QNUJR2t6UlGpjoYyuEIhkEgDNHYUaeqybkSite/HHg==",
      "requires": {
        "@aws-crypto/sha256-browser": "^1.0.0",
        "@aws-crypto/sha256-js": "^1.0.0",
        "@aws-sdk/config-resolver": "3.12.0",
        "@aws-sdk/fetch-http-handler": "3.12.0",
        "@aws-sdk/hash-node": "3.12.0",
        "@aws-sdk/invalid-dependency": "3.12.0",
        "@aws-sdk/middleware-content-length": "3.12.0",
        "@aws-sdk/middleware-host-header": "3.12.0",
        "@aws-sdk/middleware-logger": "3.12.0",
        "@aws-sdk/middleware-retry": "3.12.0",
        "@aws-sdk/middleware-serde": "3.12.0",
        "@aws-sdk/middleware-stack": "3.12.0",
        "@aws-sdk/middleware-user-agent": "3.12.0",
        "@aws-sdk/node-config-provider": "3.12.0",
        "@aws-sdk/node-http-handler": "3.12.0",
        "@aws-sdk/protocol-http": "3.12.0",
        "@aws-sdk/smithy-client": "3.12.0",
        "@aws-sdk/types": "3.12.0",
        "@aws-sdk/url-parser": "3.12.0",
        "@aws-sdk/util-base64-browser": "3.12.0",
        "@aws-sdk/util-base64-node": "3.12.0",
        "@aws-sdk/util-body-length-browser": "3.12.0",
        "@aws-sdk/util-body-length-node": "3.12.0",
        "@aws-sdk/util-user-agent-browser": "3.12.0",
        "@aws-sdk/util-user-agent-node": "3.12.0",
        "@aws-sdk/util-utf8-browser": "3.12.0",
        "@aws-sdk/util-utf8-node": "3.12.0",
        "tslib": "^2.0.0"
      }
    },
    "@aws-sdk/client-sts": {
      "version": "3.13.0",
      "resolved": "https://registry.npmjs.org/@aws-sdk/client-sts/-/client-sts-3.13.0.tgz",
      "integrity": "sha512-g/LiS6SlUvN12JbR9Adfj3JIsGfkP0VizGiyM/a/RwJwuCVnidfJYzxhvO6zONUTH2BDxTcAc1VaMDjK3F42Qw==",
      "requires": {
        "@aws-crypto/sha256-browser": "^1.0.0",
        "@aws-crypto/sha256-js": "^1.0.0",
        "@aws-sdk/config-resolver": "3.12.0",
        "@aws-sdk/credential-provider-node": "3.13.0",
        "@aws-sdk/fetch-http-handler": "3.12.0",
        "@aws-sdk/hash-node": "3.12.0",
        "@aws-sdk/invalid-dependency": "3.12.0",
        "@aws-sdk/middleware-content-length": "3.12.0",
        "@aws-sdk/middleware-host-header": "3.12.0",
        "@aws-sdk/middleware-logger": "3.12.0",
        "@aws-sdk/middleware-retry": "3.12.0",
        "@aws-sdk/middleware-sdk-sts": "3.12.0",
        "@aws-sdk/middleware-serde": "3.12.0",
        "@aws-sdk/middleware-signing": "3.12.0",
        "@aws-sdk/middleware-stack": "3.12.0",
        "@aws-sdk/middleware-user-agent": "3.12.0",
        "@aws-sdk/node-config-provider": "3.12.0",
        "@aws-sdk/node-http-handler": "3.12.0",
        "@aws-sdk/protocol-http": "3.12.0",
        "@aws-sdk/smithy-client": "3.12.0",
        "@aws-sdk/types": "3.12.0",
        "@aws-sdk/url-parser": "3.12.0",
        "@aws-sdk/util-base64-browser": "3.12.0",
        "@aws-sdk/util-base64-node": "3.12.0",
        "@aws-sdk/util-body-length-browser": "3.12.0",
        "@aws-sdk/util-body-length-node": "3.12.0",
        "@aws-sdk/util-user-agent-browser": "3.12.0",
        "@aws-sdk/util-user-agent-node": "3.12.0",
        "@aws-sdk/util-utf8-browser": "3.12.0",
        "@aws-sdk/util-utf8-node": "3.12.0",
        "fast-xml-parser": "3.19.0",
        "tslib": "^2.0.0"
      }
    },
    "@aws-sdk/config-resolver": {
      "version": "3.12.0",
      "resolved": "https://registry.npmjs.org/@aws-sdk/config-resolver/-/config-resolver-3.12.0.tgz",
      "integrity": "sha512-xx4LcuJqgrT3fZ1FY45nIDCTzAh/pWfLM4Bh5rb1V8mT/ROAuSdG+NHYOVSOUOt7RN6X+cbvhZmztya3LxqL8g==",
      "requires": {
        "@aws-sdk/signature-v4": "3.12.0",
        "@aws-sdk/types": "3.12.0",
        "tslib": "^1.8.0"
      },
      "dependencies": {
        "tslib": {
          "version": "1.14.1",
          "resolved": "https://registry.npmjs.org/tslib/-/tslib-1.14.1.tgz",
          "integrity": "sha512-Xni35NKzjgMrwevysHTCArtLDpPvye8zV/0E4EyYn43P7/7qvQwPh9BGkHewbMulVntbigmcT7rdX3BNo9wRJg=="
        }
      }
    },
    "@aws-sdk/credential-provider-env": {
      "version": "3.12.0",
      "resolved": "https://registry.npmjs.org/@aws-sdk/credential-provider-env/-/credential-provider-env-3.12.0.tgz",
      "integrity": "sha512-l3cLUWHByAWsZsPPSRYbhZgZefDWjm5wuI6phu6AbTUiSOuFm+Q0zqGZ2nzJa7dyV9mkiGrSoVGKzeR2U4IaVQ==",
      "requires": {
        "@aws-sdk/property-provider": "3.12.0",
        "@aws-sdk/types": "3.12.0",
        "tslib": "^1.8.0"
      },
      "dependencies": {
        "tslib": {
          "version": "1.14.1",
          "resolved": "https://registry.npmjs.org/tslib/-/tslib-1.14.1.tgz",
          "integrity": "sha512-Xni35NKzjgMrwevysHTCArtLDpPvye8zV/0E4EyYn43P7/7qvQwPh9BGkHewbMulVntbigmcT7rdX3BNo9wRJg=="
        }
      }
    },
    "@aws-sdk/credential-provider-imds": {
      "version": "3.12.0",
      "resolved": "https://registry.npmjs.org/@aws-sdk/credential-provider-imds/-/credential-provider-imds-3.12.0.tgz",
      "integrity": "sha512-utJgvef4SgXwlSqT3ThOzpnmpFVSNP4SSUzD1Cz/WXhB7nR+8Vg+qcca30Ga/Ovfc1FGL2gjeC4pVhgjU9B++Q==",
      "requires": {
        "@aws-sdk/property-provider": "3.12.0",
        "@aws-sdk/types": "3.12.0",
        "tslib": "^1.8.0"
      },
      "dependencies": {
        "tslib": {
          "version": "1.14.1",
          "resolved": "https://registry.npmjs.org/tslib/-/tslib-1.14.1.tgz",
          "integrity": "sha512-Xni35NKzjgMrwevysHTCArtLDpPvye8zV/0E4EyYn43P7/7qvQwPh9BGkHewbMulVntbigmcT7rdX3BNo9wRJg=="
        }
      }
    },
    "@aws-sdk/credential-provider-ini": {
      "version": "3.13.0",
      "resolved": "https://registry.npmjs.org/@aws-sdk/credential-provider-ini/-/credential-provider-ini-3.13.0.tgz",
      "integrity": "sha512-ZW8CbfKYaNng7/W1nXTqJ7nRibs7CaSPX2EZs9t43VfF7OzUjrZMzZlHk7yoqYOLONoDZKesbcUBm0V0RhhUFg==",
      "requires": {
        "@aws-sdk/credential-provider-env": "3.12.0",
        "@aws-sdk/credential-provider-imds": "3.12.0",
        "@aws-sdk/credential-provider-web-identity": "3.12.0",
        "@aws-sdk/property-provider": "3.12.0",
        "@aws-sdk/shared-ini-file-loader": "3.12.0",
        "@aws-sdk/types": "3.12.0",
        "tslib": "^1.8.0"
      },
      "dependencies": {
        "tslib": {
          "version": "1.14.1",
          "resolved": "https://registry.npmjs.org/tslib/-/tslib-1.14.1.tgz",
          "integrity": "sha512-Xni35NKzjgMrwevysHTCArtLDpPvye8zV/0E4EyYn43P7/7qvQwPh9BGkHewbMulVntbigmcT7rdX3BNo9wRJg=="
        }
      }
    },
    "@aws-sdk/credential-provider-node": {
      "version": "3.13.0",
      "resolved": "https://registry.npmjs.org/@aws-sdk/credential-provider-node/-/credential-provider-node-3.13.0.tgz",
      "integrity": "sha512-HxO2pzTqAoZpNE+ugi3+3xwDvYQHWKptUs/5OfpVI6Rkwl4dD/MLii+uh4GLxE2jJ/F9aTTp0q0oltSt83p0xA==",
      "requires": {
        "@aws-sdk/credential-provider-env": "3.12.0",
        "@aws-sdk/credential-provider-imds": "3.12.0",
        "@aws-sdk/credential-provider-ini": "3.13.0",
        "@aws-sdk/credential-provider-process": "3.13.0",
        "@aws-sdk/credential-provider-sso": "3.13.0",
        "@aws-sdk/property-provider": "3.12.0",
        "@aws-sdk/shared-ini-file-loader": "3.12.0",
        "@aws-sdk/types": "3.12.0",
        "tslib": "^1.8.0"
      },
      "dependencies": {
        "tslib": {
          "version": "1.14.1",
          "resolved": "https://registry.npmjs.org/tslib/-/tslib-1.14.1.tgz",
          "integrity": "sha512-Xni35NKzjgMrwevysHTCArtLDpPvye8zV/0E4EyYn43P7/7qvQwPh9BGkHewbMulVntbigmcT7rdX3BNo9wRJg=="
        }
      }
    },
    "@aws-sdk/credential-provider-process": {
      "version": "3.13.0",
      "resolved": "https://registry.npmjs.org/@aws-sdk/credential-provider-process/-/credential-provider-process-3.13.0.tgz",
      "integrity": "sha512-ynTiyWZOM+5lYIQU2wpiz1C7o7FnrWaY4BKOy7YRVWMvFdga63k6G7VOjqHTtt3PpbQ0XKhyd1GZVBf9T3eDGw==",
      "requires": {
        "@aws-sdk/credential-provider-ini": "3.13.0",
        "@aws-sdk/property-provider": "3.12.0",
        "@aws-sdk/shared-ini-file-loader": "3.12.0",
        "@aws-sdk/types": "3.12.0",
        "tslib": "^1.8.0"
      },
      "dependencies": {
        "tslib": {
          "version": "1.14.1",
          "resolved": "https://registry.npmjs.org/tslib/-/tslib-1.14.1.tgz",
          "integrity": "sha512-Xni35NKzjgMrwevysHTCArtLDpPvye8zV/0E4EyYn43P7/7qvQwPh9BGkHewbMulVntbigmcT7rdX3BNo9wRJg=="
        }
      }
    },
    "@aws-sdk/credential-provider-sso": {
      "version": "3.13.0",
      "resolved": "https://registry.npmjs.org/@aws-sdk/credential-provider-sso/-/credential-provider-sso-3.13.0.tgz",
      "integrity": "sha512-Kw6EIuYPsrXNeS2Bkyljl2+krc4U5DbTkXGcMjbhuFB5x9APboYF2vZRnzCE4b/1kmNe+jsVvdzszWVBuiEtCQ==",
      "requires": {
        "@aws-sdk/client-sso": "3.13.0",
        "@aws-sdk/credential-provider-ini": "3.13.0",
        "@aws-sdk/property-provider": "3.12.0",
        "@aws-sdk/shared-ini-file-loader": "3.12.0",
        "@aws-sdk/types": "3.12.0",
        "tslib": "^1.8.0"
      },
      "dependencies": {
        "tslib": {
          "version": "1.14.1",
          "resolved": "https://registry.npmjs.org/tslib/-/tslib-1.14.1.tgz",
          "integrity": "sha512-Xni35NKzjgMrwevysHTCArtLDpPvye8zV/0E4EyYn43P7/7qvQwPh9BGkHewbMulVntbigmcT7rdX3BNo9wRJg=="
        }
      }
    },
    "@aws-sdk/credential-provider-web-identity": {
      "version": "3.12.0",
      "resolved": "https://registry.npmjs.org/@aws-sdk/credential-provider-web-identity/-/credential-provider-web-identity-3.12.0.tgz",
      "integrity": "sha512-7K1d8BwtS471pGjOKjm4YFMhQ0uxbWVMkJ/GhesFl717+1HdjBRjgK92Dx8G2URJZIsm+1bydhk98ccQ5ORkIg==",
      "requires": {
        "@aws-sdk/property-provider": "3.12.0",
        "@aws-sdk/types": "3.12.0",
        "tslib": "^1.8.0"
      },
      "dependencies": {
        "tslib": {
          "version": "1.14.1",
          "resolved": "https://registry.npmjs.org/tslib/-/tslib-1.14.1.tgz",
          "integrity": "sha512-Xni35NKzjgMrwevysHTCArtLDpPvye8zV/0E4EyYn43P7/7qvQwPh9BGkHewbMulVntbigmcT7rdX3BNo9wRJg=="
        }
      }
    },
    "@aws-sdk/fetch-http-handler": {
      "version": "3.12.0",
      "resolved": "https://registry.npmjs.org/@aws-sdk/fetch-http-handler/-/fetch-http-handler-3.12.0.tgz",
      "integrity": "sha512-M1D9LKWOF7afveBQnlNUq6eiJWaC++NdgaHBEh//+j0PzRh5HfCUhPoUB23e99Q4hEr/U5DbTWXis+k12FZD4w==",
      "requires": {
        "@aws-sdk/protocol-http": "3.12.0",
        "@aws-sdk/querystring-builder": "3.12.0",
        "@aws-sdk/types": "3.12.0",
        "@aws-sdk/util-base64-browser": "3.12.0",
        "tslib": "^1.8.0"
      },
      "dependencies": {
        "tslib": {
          "version": "1.14.1",
          "resolved": "https://registry.npmjs.org/tslib/-/tslib-1.14.1.tgz",
          "integrity": "sha512-Xni35NKzjgMrwevysHTCArtLDpPvye8zV/0E4EyYn43P7/7qvQwPh9BGkHewbMulVntbigmcT7rdX3BNo9wRJg=="
        }
      }
    },
    "@aws-sdk/hash-node": {
      "version": "3.12.0",
      "resolved": "https://registry.npmjs.org/@aws-sdk/hash-node/-/hash-node-3.12.0.tgz",
      "integrity": "sha512-EctFJ+85R4fvW9185YY7L5T8L4xFhqJMG32bEUXl1YqGzAPYoT5VW7RU5tqvsDxp8nmfpAA8WOpLMPDldLb1nQ==",
      "requires": {
        "@aws-sdk/types": "3.12.0",
        "@aws-sdk/util-buffer-from": "3.12.0",
        "tslib": "^1.8.0"
      },
      "dependencies": {
        "tslib": {
          "version": "1.14.1",
          "resolved": "https://registry.npmjs.org/tslib/-/tslib-1.14.1.tgz",
          "integrity": "sha512-Xni35NKzjgMrwevysHTCArtLDpPvye8zV/0E4EyYn43P7/7qvQwPh9BGkHewbMulVntbigmcT7rdX3BNo9wRJg=="
        }
      }
    },
    "@aws-sdk/invalid-dependency": {
      "version": "3.12.0",
      "resolved": "https://registry.npmjs.org/@aws-sdk/invalid-dependency/-/invalid-dependency-3.12.0.tgz",
      "integrity": "sha512-t+azwApyCKL/aivWDjda9EF232kGTumgc1Sv/VOGN5RjNcCsyJ3Wno/9I3ejDVmyObuNsrV2YrMLaYhMCbEZnw==",
      "requires": {
        "@aws-sdk/types": "3.12.0",
        "tslib": "^1.8.0"
      },
      "dependencies": {
        "tslib": {
          "version": "1.14.1",
          "resolved": "https://registry.npmjs.org/tslib/-/tslib-1.14.1.tgz",
          "integrity": "sha512-Xni35NKzjgMrwevysHTCArtLDpPvye8zV/0E4EyYn43P7/7qvQwPh9BGkHewbMulVntbigmcT7rdX3BNo9wRJg=="
        }
      }
    },
    "@aws-sdk/is-array-buffer": {
      "version": "3.12.0",
      "resolved": "https://registry.npmjs.org/@aws-sdk/is-array-buffer/-/is-array-buffer-3.12.0.tgz",
      "integrity": "sha512-JtrxC2ZinhiL2GIfMoPYkmd7A5ykpYw4Bf4/uMHJ9d3NcFpsT84ipw4eZhclR+mSR9RUYSP0ObgcDLdjW3xm1w==",
      "requires": {
        "tslib": "^1.8.0"
      },
      "dependencies": {
        "tslib": {
          "version": "1.14.1",
          "resolved": "https://registry.npmjs.org/tslib/-/tslib-1.14.1.tgz",
          "integrity": "sha512-Xni35NKzjgMrwevysHTCArtLDpPvye8zV/0E4EyYn43P7/7qvQwPh9BGkHewbMulVntbigmcT7rdX3BNo9wRJg=="
        }
      }
    },
    "@aws-sdk/middleware-content-length": {
      "version": "3.12.0",
      "resolved": "https://registry.npmjs.org/@aws-sdk/middleware-content-length/-/middleware-content-length-3.12.0.tgz",
      "integrity": "sha512-1F4DnVcelaGwapAFsKjEOhuUE5c+RENOKnYPUHjtrpxv2Db1D4thEx83lwaZqHPWk7JJKGI+2ITuNfspzsMnoQ==",
      "requires": {
        "@aws-sdk/protocol-http": "3.12.0",
        "@aws-sdk/types": "3.12.0",
        "tslib": "^1.8.0"
      },
      "dependencies": {
        "tslib": {
          "version": "1.14.1",
          "resolved": "https://registry.npmjs.org/tslib/-/tslib-1.14.1.tgz",
          "integrity": "sha512-Xni35NKzjgMrwevysHTCArtLDpPvye8zV/0E4EyYn43P7/7qvQwPh9BGkHewbMulVntbigmcT7rdX3BNo9wRJg=="
        }
      }
    },
    "@aws-sdk/middleware-host-header": {
      "version": "3.12.0",
      "resolved": "https://registry.npmjs.org/@aws-sdk/middleware-host-header/-/middleware-host-header-3.12.0.tgz",
      "integrity": "sha512-+nnfGWXCWykf0UIYrcXtPa2FB2XMvUlodcH/a95bIC+BXUtGAvloA/05qUnHoK6EPlb4nMPbr+LsRgvQ9ypNHA==",
      "requires": {
        "@aws-sdk/protocol-http": "3.12.0",
        "@aws-sdk/types": "3.12.0",
        "tslib": "^1.8.0"
      },
      "dependencies": {
        "tslib": {
          "version": "1.14.1",
          "resolved": "https://registry.npmjs.org/tslib/-/tslib-1.14.1.tgz",
          "integrity": "sha512-Xni35NKzjgMrwevysHTCArtLDpPvye8zV/0E4EyYn43P7/7qvQwPh9BGkHewbMulVntbigmcT7rdX3BNo9wRJg=="
        }
      }
    },
    "@aws-sdk/middleware-logger": {
      "version": "3.12.0",
      "resolved": "https://registry.npmjs.org/@aws-sdk/middleware-logger/-/middleware-logger-3.12.0.tgz",
      "integrity": "sha512-la01iTILBoEMk0dJNj619ei+VHQgELbKWxinZDYKgWwzQ2JiZdMal1Pu+ZHIQ3MsXgtw0LNwawvnm5Jm1NNmKA==",
      "requires": {
        "@aws-sdk/types": "3.12.0",
        "tslib": "^1.8.0"
      },
      "dependencies": {
        "tslib": {
          "version": "1.14.1",
          "resolved": "https://registry.npmjs.org/tslib/-/tslib-1.14.1.tgz",
          "integrity": "sha512-Xni35NKzjgMrwevysHTCArtLDpPvye8zV/0E4EyYn43P7/7qvQwPh9BGkHewbMulVntbigmcT7rdX3BNo9wRJg=="
        }
      }
    },
    "@aws-sdk/middleware-retry": {
      "version": "3.12.0",
      "resolved": "https://registry.npmjs.org/@aws-sdk/middleware-retry/-/middleware-retry-3.12.0.tgz",
      "integrity": "sha512-/VjyCsT6SqlGJqjJ5mH6kuptEUMWVTPUz32tsKTzCQksiRp6hI4DbHOwyUXQUydLwJTCRo+xa7WhM9cMkalfiQ==",
      "requires": {
        "@aws-sdk/protocol-http": "3.12.0",
        "@aws-sdk/service-error-classification": "3.12.0",
        "@aws-sdk/types": "3.12.0",
        "tslib": "^1.8.0",
        "uuid": "^8.3.2"
      },
      "dependencies": {
        "tslib": {
          "version": "1.14.1",
          "resolved": "https://registry.npmjs.org/tslib/-/tslib-1.14.1.tgz",
          "integrity": "sha512-Xni35NKzjgMrwevysHTCArtLDpPvye8zV/0E4EyYn43P7/7qvQwPh9BGkHewbMulVntbigmcT7rdX3BNo9wRJg=="
        }
      }
    },
    "@aws-sdk/middleware-sdk-sts": {
      "version": "3.12.0",
      "resolved": "https://registry.npmjs.org/@aws-sdk/middleware-sdk-sts/-/middleware-sdk-sts-3.12.0.tgz",
      "integrity": "sha512-d4mHQVUq42/5/RFwwANeGi5Ofpc/NP9iDAD5P6DSEH3YBEQgztJArjaDo0ahJMpyk/SUdqtzK/gRxVBDVpZ5Eg==",
      "requires": {
        "@aws-sdk/middleware-signing": "3.12.0",
        "@aws-sdk/property-provider": "3.12.0",
        "@aws-sdk/protocol-http": "3.12.0",
        "@aws-sdk/signature-v4": "3.12.0",
        "@aws-sdk/types": "3.12.0",
        "tslib": "^1.8.0"
      },
      "dependencies": {
        "tslib": {
          "version": "1.14.1",
          "resolved": "https://registry.npmjs.org/tslib/-/tslib-1.14.1.tgz",
          "integrity": "sha512-Xni35NKzjgMrwevysHTCArtLDpPvye8zV/0E4EyYn43P7/7qvQwPh9BGkHewbMulVntbigmcT7rdX3BNo9wRJg=="
        }
      }
    },
    "@aws-sdk/middleware-serde": {
      "version": "3.12.0",
      "resolved": "https://registry.npmjs.org/@aws-sdk/middleware-serde/-/middleware-serde-3.12.0.tgz",
      "integrity": "sha512-3L3ILlHJf19t9hOZsfZE/Li7ioNea5en6++84Xf2ijoO7A0N5yprlhQyNncAeXA62786PNaixN+K2JHBox8aUw==",
      "requires": {
        "@aws-sdk/types": "3.12.0",
        "tslib": "^1.8.0"
      },
      "dependencies": {
        "tslib": {
          "version": "1.14.1",
          "resolved": "https://registry.npmjs.org/tslib/-/tslib-1.14.1.tgz",
          "integrity": "sha512-Xni35NKzjgMrwevysHTCArtLDpPvye8zV/0E4EyYn43P7/7qvQwPh9BGkHewbMulVntbigmcT7rdX3BNo9wRJg=="
        }
      }
    },
    "@aws-sdk/middleware-signing": {
      "version": "3.12.0",
      "resolved": "https://registry.npmjs.org/@aws-sdk/middleware-signing/-/middleware-signing-3.12.0.tgz",
      "integrity": "sha512-sitSY9qMqqe70fN0Uh01KIoK+XLFH5WzbKtS84VJl+qMFwomFsDLm5xHTWEAP7nGyKb+bpJQWoQWV4ATg7VcDg==",
      "requires": {
        "@aws-sdk/property-provider": "3.12.0",
        "@aws-sdk/protocol-http": "3.12.0",
        "@aws-sdk/signature-v4": "3.12.0",
        "@aws-sdk/types": "3.12.0",
        "tslib": "^1.8.0"
      },
      "dependencies": {
        "tslib": {
          "version": "1.14.1",
          "resolved": "https://registry.npmjs.org/tslib/-/tslib-1.14.1.tgz",
          "integrity": "sha512-Xni35NKzjgMrwevysHTCArtLDpPvye8zV/0E4EyYn43P7/7qvQwPh9BGkHewbMulVntbigmcT7rdX3BNo9wRJg=="
        }
      }
    },
    "@aws-sdk/middleware-stack": {
      "version": "3.12.0",
      "resolved": "https://registry.npmjs.org/@aws-sdk/middleware-stack/-/middleware-stack-3.12.0.tgz",
      "integrity": "sha512-X4TmWGLzY8ma99HQ+9vL4PoykfPtxdZ7QK/ZZ51I+i2vCKLz8tlml6y5rVR31TavJrg8qeAp+mQwttniSjmxYQ==",
      "requires": {
        "tslib": "^1.8.0"
      },
      "dependencies": {
        "tslib": {
          "version": "1.14.1",
          "resolved": "https://registry.npmjs.org/tslib/-/tslib-1.14.1.tgz",
          "integrity": "sha512-Xni35NKzjgMrwevysHTCArtLDpPvye8zV/0E4EyYn43P7/7qvQwPh9BGkHewbMulVntbigmcT7rdX3BNo9wRJg=="
        }
      }
    },
    "@aws-sdk/middleware-user-agent": {
      "version": "3.12.0",
      "resolved": "https://registry.npmjs.org/@aws-sdk/middleware-user-agent/-/middleware-user-agent-3.12.0.tgz",
      "integrity": "sha512-t3NTU/vqs+BFL2tupdjEZDjDM5HWTELIRMxUHTFlgUT3BwKDvbaNufNDOQtnnv70tZNSrylof3GFy83kKEN3ew==",
      "requires": {
        "@aws-sdk/protocol-http": "3.12.0",
        "@aws-sdk/types": "3.12.0",
        "tslib": "^1.8.0"
      },
      "dependencies": {
        "tslib": {
          "version": "1.14.1",
          "resolved": "https://registry.npmjs.org/tslib/-/tslib-1.14.1.tgz",
          "integrity": "sha512-Xni35NKzjgMrwevysHTCArtLDpPvye8zV/0E4EyYn43P7/7qvQwPh9BGkHewbMulVntbigmcT7rdX3BNo9wRJg=="
        }
      }
    },
    "@aws-sdk/node-config-provider": {
      "version": "3.12.0",
      "resolved": "https://registry.npmjs.org/@aws-sdk/node-config-provider/-/node-config-provider-3.12.0.tgz",
      "integrity": "sha512-eJAjQ5PN+cwd0AC4QOUjOjrmCAASkCmovDsNndjWmFjNumJkcUvTezAjOC6TLiEop9M1cT0zkhPBEDGjzDnjZQ==",
      "requires": {
        "@aws-sdk/property-provider": "3.12.0",
        "@aws-sdk/shared-ini-file-loader": "3.12.0",
        "@aws-sdk/types": "3.12.0",
        "tslib": "^1.8.0"
      },
      "dependencies": {
        "tslib": {
          "version": "1.14.1",
          "resolved": "https://registry.npmjs.org/tslib/-/tslib-1.14.1.tgz",
          "integrity": "sha512-Xni35NKzjgMrwevysHTCArtLDpPvye8zV/0E4EyYn43P7/7qvQwPh9BGkHewbMulVntbigmcT7rdX3BNo9wRJg=="
        }
      }
    },
    "@aws-sdk/node-http-handler": {
      "version": "3.12.0",
      "resolved": "https://registry.npmjs.org/@aws-sdk/node-http-handler/-/node-http-handler-3.12.0.tgz",
      "integrity": "sha512-BZF7ptWdGaOn0MJJWLfr4/44RDoG3hG3IZ8f/EsxqFMWqumblqCn2uOtUc0WK01BAj07+QEYqB96UO5cDyFiEA==",
      "requires": {
        "@aws-sdk/abort-controller": "3.12.0",
        "@aws-sdk/protocol-http": "3.12.0",
        "@aws-sdk/querystring-builder": "3.12.0",
        "@aws-sdk/types": "3.12.0",
        "tslib": "^1.8.0"
      },
      "dependencies": {
        "tslib": {
          "version": "1.14.1",
          "resolved": "https://registry.npmjs.org/tslib/-/tslib-1.14.1.tgz",
          "integrity": "sha512-Xni35NKzjgMrwevysHTCArtLDpPvye8zV/0E4EyYn43P7/7qvQwPh9BGkHewbMulVntbigmcT7rdX3BNo9wRJg=="
        }
      }
    },
    "@aws-sdk/property-provider": {
      "version": "3.12.0",
      "resolved": "https://registry.npmjs.org/@aws-sdk/property-provider/-/property-provider-3.12.0.tgz",
      "integrity": "sha512-4x9S0mtpehp++g+KWx12ZnYa396qCxJXB/n/njppXlWjUz7am527IN24YVTpFoP2CpNo4uZb9Xi8fW6veZSTJg==",
      "requires": {
        "@aws-sdk/types": "3.12.0",
        "tslib": "^1.8.0"
      },
      "dependencies": {
        "tslib": {
          "version": "1.14.1",
          "resolved": "https://registry.npmjs.org/tslib/-/tslib-1.14.1.tgz",
          "integrity": "sha512-Xni35NKzjgMrwevysHTCArtLDpPvye8zV/0E4EyYn43P7/7qvQwPh9BGkHewbMulVntbigmcT7rdX3BNo9wRJg=="
        }
      }
    },
    "@aws-sdk/protocol-http": {
      "version": "3.12.0",
      "resolved": "https://registry.npmjs.org/@aws-sdk/protocol-http/-/protocol-http-3.12.0.tgz",
      "integrity": "sha512-I5l2/5Ntifoq9Nr+/fpWwQRRSUrPYah9/1Km4Dxqj9/NrANSBaPVYJBSyWynYtPgLcQ3fF+mxLx4H2kVXEA5pA==",
      "requires": {
        "@aws-sdk/types": "3.12.0",
        "tslib": "^1.8.0"
      },
      "dependencies": {
        "tslib": {
          "version": "1.14.1",
          "resolved": "https://registry.npmjs.org/tslib/-/tslib-1.14.1.tgz",
          "integrity": "sha512-Xni35NKzjgMrwevysHTCArtLDpPvye8zV/0E4EyYn43P7/7qvQwPh9BGkHewbMulVntbigmcT7rdX3BNo9wRJg=="
        }
      }
    },
    "@aws-sdk/querystring-builder": {
      "version": "3.12.0",
      "resolved": "https://registry.npmjs.org/@aws-sdk/querystring-builder/-/querystring-builder-3.12.0.tgz",
      "integrity": "sha512-DucCtVWyl+ZPu/tqmKJwPxfnYaY0rIWG00hqKgxL8u0ckrhV6nJoWOoKgXmarBIujK9l0FysTzhNN/rLGymyiA==",
      "requires": {
        "@aws-sdk/types": "3.12.0",
        "@aws-sdk/util-uri-escape": "3.12.0",
        "tslib": "^1.8.0"
      },
      "dependencies": {
        "tslib": {
          "version": "1.14.1",
          "resolved": "https://registry.npmjs.org/tslib/-/tslib-1.14.1.tgz",
          "integrity": "sha512-Xni35NKzjgMrwevysHTCArtLDpPvye8zV/0E4EyYn43P7/7qvQwPh9BGkHewbMulVntbigmcT7rdX3BNo9wRJg=="
        }
      }
    },
    "@aws-sdk/querystring-parser": {
      "version": "3.12.0",
      "resolved": "https://registry.npmjs.org/@aws-sdk/querystring-parser/-/querystring-parser-3.12.0.tgz",
      "integrity": "sha512-98n2q3npGxgf/P8t6y3kl4UZXxxr4da/DloEsiIBh4jbMgwBAH+5gopfVOdMpWF5hL+VSjGqvUY6aPQQUzoMAg==",
      "requires": {
        "@aws-sdk/types": "3.12.0",
        "tslib": "^1.8.0"
      },
      "dependencies": {
        "tslib": {
          "version": "1.14.1",
          "resolved": "https://registry.npmjs.org/tslib/-/tslib-1.14.1.tgz",
          "integrity": "sha512-Xni35NKzjgMrwevysHTCArtLDpPvye8zV/0E4EyYn43P7/7qvQwPh9BGkHewbMulVntbigmcT7rdX3BNo9wRJg=="
        }
      }
    },
    "@aws-sdk/service-error-classification": {
      "version": "3.12.0",
      "resolved": "https://registry.npmjs.org/@aws-sdk/service-error-classification/-/service-error-classification-3.12.0.tgz",
      "integrity": "sha512-71EJR1ip/P2z5YPu7di0PwyU/zYB65lmYWfn9C3XjkXe6uEe6kSmAfCQlcn7yHL7MjJA+rYMuLamDOXLmdt38Q=="
    },
    "@aws-sdk/shared-ini-file-loader": {
      "version": "3.12.0",
      "resolved": "https://registry.npmjs.org/@aws-sdk/shared-ini-file-loader/-/shared-ini-file-loader-3.12.0.tgz",
      "integrity": "sha512-vmd0gIZ0bc5hgyEDYufKfMsDKIPHV1ZXc8UzICV3BAsVf1eXhY8j+19OcxqlB+jWtLnnd2L28XslfRCYK9gduw==",
      "requires": {
        "tslib": "^1.8.0"
      },
      "dependencies": {
        "tslib": {
          "version": "1.14.1",
          "resolved": "https://registry.npmjs.org/tslib/-/tslib-1.14.1.tgz",
          "integrity": "sha512-Xni35NKzjgMrwevysHTCArtLDpPvye8zV/0E4EyYn43P7/7qvQwPh9BGkHewbMulVntbigmcT7rdX3BNo9wRJg=="
        }
      }
    },
    "@aws-sdk/signature-v4": {
      "version": "3.12.0",
      "resolved": "https://registry.npmjs.org/@aws-sdk/signature-v4/-/signature-v4-3.12.0.tgz",
      "integrity": "sha512-11ZwHj8GjzsQNmebAaxhFcqSOgK6+5fUcrUDRu+R9HMvdKIuiLpawqCZELupbg4uqhka953rAldjbHjYhUaLuw==",
      "requires": {
        "@aws-sdk/is-array-buffer": "3.12.0",
        "@aws-sdk/types": "3.12.0",
        "@aws-sdk/util-hex-encoding": "3.12.0",
        "@aws-sdk/util-uri-escape": "3.12.0",
        "tslib": "^1.8.0"
      },
      "dependencies": {
        "tslib": {
          "version": "1.14.1",
          "resolved": "https://registry.npmjs.org/tslib/-/tslib-1.14.1.tgz",
          "integrity": "sha512-Xni35NKzjgMrwevysHTCArtLDpPvye8zV/0E4EyYn43P7/7qvQwPh9BGkHewbMulVntbigmcT7rdX3BNo9wRJg=="
        }
      }
    },
    "@aws-sdk/smithy-client": {
      "version": "3.12.0",
      "resolved": "https://registry.npmjs.org/@aws-sdk/smithy-client/-/smithy-client-3.12.0.tgz",
      "integrity": "sha512-bAPUYEP7UeuECSRVpo3Il09uWO2tE931zQm2ZL446Vv0GJtayYWtX4ZwB7V5ADHtTeCsRtjOcUmnNXJ5M0hGSQ==",
      "requires": {
        "@aws-sdk/middleware-stack": "3.12.0",
        "@aws-sdk/types": "3.12.0",
        "tslib": "^1.8.0"
      },
      "dependencies": {
        "tslib": {
          "version": "1.14.1",
          "resolved": "https://registry.npmjs.org/tslib/-/tslib-1.14.1.tgz",
          "integrity": "sha512-Xni35NKzjgMrwevysHTCArtLDpPvye8zV/0E4EyYn43P7/7qvQwPh9BGkHewbMulVntbigmcT7rdX3BNo9wRJg=="
        }
      }
    },
    "@aws-sdk/types": {
      "version": "3.12.0",
      "resolved": "https://registry.npmjs.org/@aws-sdk/types/-/types-3.12.0.tgz",
      "integrity": "sha512-7vnVBV0IdNQ+yyCQFkyLkRohvr7PHj//nGcth9RXG+VmQfp4+8CgBlMuXoeEWvDntrRgdh5lzDO0CliVRquxkw=="
    },
    "@aws-sdk/url-parser": {
      "version": "3.12.0",
      "resolved": "https://registry.npmjs.org/@aws-sdk/url-parser/-/url-parser-3.12.0.tgz",
      "integrity": "sha512-afAdDPycGCxDRwel2DORMR3h5rNbVPVm2M0/RmZczWnBznV4H7OTE63Z9DJNJeQbRWysWBpv7s8NFLdgHiTDHw==",
      "requires": {
        "@aws-sdk/querystring-parser": "3.12.0",
        "@aws-sdk/types": "3.12.0",
        "tslib": "^1.8.0"
      },
      "dependencies": {
        "tslib": {
          "version": "1.14.1",
          "resolved": "https://registry.npmjs.org/tslib/-/tslib-1.14.1.tgz",
          "integrity": "sha512-Xni35NKzjgMrwevysHTCArtLDpPvye8zV/0E4EyYn43P7/7qvQwPh9BGkHewbMulVntbigmcT7rdX3BNo9wRJg=="
        }
      }
    },
    "@aws-sdk/util-base64-browser": {
      "version": "3.12.0",
      "resolved": "https://registry.npmjs.org/@aws-sdk/util-base64-browser/-/util-base64-browser-3.12.0.tgz",
      "integrity": "sha512-E9j0rb90e/jPjOQiP9waB+ejJ9VEEpuL3Hz/JcQQyRfWC+UM9zJ2zvwzTKb6E03cW2Zw7pbx3/mouEcwQJGfOw==",
      "requires": {
        "tslib": "^1.8.0"
      },
      "dependencies": {
        "tslib": {
          "version": "1.14.1",
          "resolved": "https://registry.npmjs.org/tslib/-/tslib-1.14.1.tgz",
          "integrity": "sha512-Xni35NKzjgMrwevysHTCArtLDpPvye8zV/0E4EyYn43P7/7qvQwPh9BGkHewbMulVntbigmcT7rdX3BNo9wRJg=="
        }
      }
    },
    "@aws-sdk/util-base64-node": {
      "version": "3.12.0",
      "resolved": "https://registry.npmjs.org/@aws-sdk/util-base64-node/-/util-base64-node-3.12.0.tgz",
      "integrity": "sha512-HdmuobzMowr6Lkx8pgdqKNyt0uugg1IOOHOsmammshKB4q5cxmsWphG8DIWGXUYO+trTOay1jP+C0F3NfroN6Q==",
      "requires": {
        "@aws-sdk/util-buffer-from": "3.12.0",
        "tslib": "^1.8.0"
      },
      "dependencies": {
        "tslib": {
          "version": "1.14.1",
          "resolved": "https://registry.npmjs.org/tslib/-/tslib-1.14.1.tgz",
          "integrity": "sha512-Xni35NKzjgMrwevysHTCArtLDpPvye8zV/0E4EyYn43P7/7qvQwPh9BGkHewbMulVntbigmcT7rdX3BNo9wRJg=="
        }
      }
    },
    "@aws-sdk/util-body-length-browser": {
      "version": "3.12.0",
      "resolved": "https://registry.npmjs.org/@aws-sdk/util-body-length-browser/-/util-body-length-browser-3.12.0.tgz",
      "integrity": "sha512-T1iyJnMncQn6gjKxL7CfhAsWQPf4IlFnhUKyAR+/WClvZOaS+/U7oM0VKkcKxr10GTWVzCAPTpJpKIV7pg2d8A==",
      "requires": {
        "tslib": "^1.8.0"
      },
      "dependencies": {
        "tslib": {
          "version": "1.14.1",
          "resolved": "https://registry.npmjs.org/tslib/-/tslib-1.14.1.tgz",
          "integrity": "sha512-Xni35NKzjgMrwevysHTCArtLDpPvye8zV/0E4EyYn43P7/7qvQwPh9BGkHewbMulVntbigmcT7rdX3BNo9wRJg=="
        }
      }
    },
    "@aws-sdk/util-body-length-node": {
      "version": "3.12.0",
      "resolved": "https://registry.npmjs.org/@aws-sdk/util-body-length-node/-/util-body-length-node-3.12.0.tgz",
      "integrity": "sha512-vlfaCV614NRS46ULI1waVpYGWkIRZABqAt3DNKaQk6xoRyMP/pz/SUg/bfX28/Gyg8ToaQsBupWX/56Rjqa4fA==",
      "requires": {
        "tslib": "^1.8.0"
      },
      "dependencies": {
        "tslib": {
          "version": "1.14.1",
          "resolved": "https://registry.npmjs.org/tslib/-/tslib-1.14.1.tgz",
          "integrity": "sha512-Xni35NKzjgMrwevysHTCArtLDpPvye8zV/0E4EyYn43P7/7qvQwPh9BGkHewbMulVntbigmcT7rdX3BNo9wRJg=="
        }
      }
    },
    "@aws-sdk/util-buffer-from": {
      "version": "3.12.0",
      "resolved": "https://registry.npmjs.org/@aws-sdk/util-buffer-from/-/util-buffer-from-3.12.0.tgz",
      "integrity": "sha512-76OMnTTrgH06PaMyzHgPLLn/fPtJAewtV1zB/0nVCY3DEH5roJVNZ3TOxqmwPgUt06zCDUQeRGDwTW0tp/vCGw==",
      "requires": {
        "@aws-sdk/is-array-buffer": "3.12.0",
        "tslib": "^1.8.0"
      },
      "dependencies": {
        "tslib": {
          "version": "1.14.1",
          "resolved": "https://registry.npmjs.org/tslib/-/tslib-1.14.1.tgz",
          "integrity": "sha512-Xni35NKzjgMrwevysHTCArtLDpPvye8zV/0E4EyYn43P7/7qvQwPh9BGkHewbMulVntbigmcT7rdX3BNo9wRJg=="
        }
      }
    },
    "@aws-sdk/util-dynamodb": {
      "version": "3.13.0",
      "resolved": "https://registry.npmjs.org/@aws-sdk/util-dynamodb/-/util-dynamodb-3.13.0.tgz",
      "integrity": "sha512-RI1MgSySwILC9bTX/tLj0CaurDVjeBCFIgdNJ6q87zmv2hpp7czLw1RrLxBkqYXVn+lr186LvEOlTJm5GUViww==",
      "requires": {
        "tslib": "^1.8.0"
      },
      "dependencies": {
        "tslib": {
          "version": "1.14.1",
          "resolved": "https://registry.npmjs.org/tslib/-/tslib-1.14.1.tgz",
          "integrity": "sha512-Xni35NKzjgMrwevysHTCArtLDpPvye8zV/0E4EyYn43P7/7qvQwPh9BGkHewbMulVntbigmcT7rdX3BNo9wRJg=="
        }
      }
    },
    "@aws-sdk/util-hex-encoding": {
      "version": "3.12.0",
      "resolved": "https://registry.npmjs.org/@aws-sdk/util-hex-encoding/-/util-hex-encoding-3.12.0.tgz",
      "integrity": "sha512-hXzhCmPU8Q2U8QkSmMtPhT1sUtXbeFrEtFPyTbWr9p7AccWM3cOCZilOcUtV04cx9RgKNyhY/O1NOdByvSY1lQ==",
      "requires": {
        "tslib": "^1.8.0"
      },
      "dependencies": {
        "tslib": {
          "version": "1.14.1",
          "resolved": "https://registry.npmjs.org/tslib/-/tslib-1.14.1.tgz",
          "integrity": "sha512-Xni35NKzjgMrwevysHTCArtLDpPvye8zV/0E4EyYn43P7/7qvQwPh9BGkHewbMulVntbigmcT7rdX3BNo9wRJg=="
        }
      }
    },
    "@aws-sdk/util-locate-window": {
      "version": "3.12.0",
      "resolved": "https://registry.npmjs.org/@aws-sdk/util-locate-window/-/util-locate-window-3.12.0.tgz",
      "integrity": "sha512-hon4/fx/MKdDbajQGK/RVn9k+wtLtwIlJnys/yZs9swq4m7B1/JnlDqSwClxjiVnsbDlu95UcYclospSkHIWUw==",
      "requires": {
        "tslib": "^1.8.0"
      },
      "dependencies": {
        "tslib": {
          "version": "1.14.1",
          "resolved": "https://registry.npmjs.org/tslib/-/tslib-1.14.1.tgz",
          "integrity": "sha512-Xni35NKzjgMrwevysHTCArtLDpPvye8zV/0E4EyYn43P7/7qvQwPh9BGkHewbMulVntbigmcT7rdX3BNo9wRJg=="
        }
      }
    },
    "@aws-sdk/util-uri-escape": {
      "version": "3.12.0",
      "resolved": "https://registry.npmjs.org/@aws-sdk/util-uri-escape/-/util-uri-escape-3.12.0.tgz",
      "integrity": "sha512-ZkiGtqsE+Krr4ARweq/AV7llrEqLDMR3/R9gvwDcurYSBt1V1hNGTdGNUCSKeKmmeMxneAZXmp+xM3FYZoIjIw==",
      "requires": {
        "tslib": "^1.8.0"
      },
      "dependencies": {
        "tslib": {
          "version": "1.14.1",
          "resolved": "https://registry.npmjs.org/tslib/-/tslib-1.14.1.tgz",
          "integrity": "sha512-Xni35NKzjgMrwevysHTCArtLDpPvye8zV/0E4EyYn43P7/7qvQwPh9BGkHewbMulVntbigmcT7rdX3BNo9wRJg=="
        }
      }
    },
    "@aws-sdk/util-user-agent-browser": {
      "version": "3.12.0",
      "resolved": "https://registry.npmjs.org/@aws-sdk/util-user-agent-browser/-/util-user-agent-browser-3.12.0.tgz",
      "integrity": "sha512-VqQ7MPtO9dKbsM1JRQn2bUgFSCZngD1hP3xcwnTit7MKsEakWFcpx1WHkol1kktKLpQ1AUPL5cdMqkDiKyE1OA==",
      "requires": {
        "@aws-sdk/types": "3.12.0",
        "bowser": "^2.11.0",
        "tslib": "^1.8.0"
      },
      "dependencies": {
        "tslib": {
          "version": "1.14.1",
          "resolved": "https://registry.npmjs.org/tslib/-/tslib-1.14.1.tgz",
          "integrity": "sha512-Xni35NKzjgMrwevysHTCArtLDpPvye8zV/0E4EyYn43P7/7qvQwPh9BGkHewbMulVntbigmcT7rdX3BNo9wRJg=="
        }
      }
    },
    "@aws-sdk/util-user-agent-node": {
      "version": "3.12.0",
      "resolved": "https://registry.npmjs.org/@aws-sdk/util-user-agent-node/-/util-user-agent-node-3.12.0.tgz",
      "integrity": "sha512-N3d43VbI+NDjwCu6npeB+RvV91cqiOtLaxtMIrVXayprmHw16dSgPaKU+JrV484THVBYQ2quYpEnfe7LslIG7A==",
      "requires": {
        "@aws-sdk/node-config-provider": "3.12.0",
        "@aws-sdk/types": "3.12.0",
        "tslib": "^1.8.0"
      },
      "dependencies": {
        "tslib": {
          "version": "1.14.1",
          "resolved": "https://registry.npmjs.org/tslib/-/tslib-1.14.1.tgz",
          "integrity": "sha512-Xni35NKzjgMrwevysHTCArtLDpPvye8zV/0E4EyYn43P7/7qvQwPh9BGkHewbMulVntbigmcT7rdX3BNo9wRJg=="
        }
      }
    },
    "@aws-sdk/util-utf8-browser": {
      "version": "3.12.0",
      "resolved": "https://registry.npmjs.org/@aws-sdk/util-utf8-browser/-/util-utf8-browser-3.12.0.tgz",
      "integrity": "sha512-gfchf9e1qbpYgxgEcUV6+KpVBNJjdqLAPMYHLytCLeMh/Mr5NY+xXefnQz0FhAqhz8lJ/vuDvtTWHodSofArEw==",
      "requires": {
        "tslib": "^1.8.0"
      },
      "dependencies": {
        "tslib": {
          "version": "1.14.1",
          "resolved": "https://registry.npmjs.org/tslib/-/tslib-1.14.1.tgz",
          "integrity": "sha512-Xni35NKzjgMrwevysHTCArtLDpPvye8zV/0E4EyYn43P7/7qvQwPh9BGkHewbMulVntbigmcT7rdX3BNo9wRJg=="
        }
      }
    },
    "@aws-sdk/util-utf8-node": {
      "version": "3.12.0",
      "resolved": "https://registry.npmjs.org/@aws-sdk/util-utf8-node/-/util-utf8-node-3.12.0.tgz",
      "integrity": "sha512-oSD8kfDgo5I6h0tazGifyIIj6+pQrQeP6fIICpX6YfApFovD25hHo9R6CJso11yJoU7lICy7BI+crtEOfB8jAA==",
      "requires": {
        "@aws-sdk/util-buffer-from": "3.12.0",
        "tslib": "^1.8.0"
      },
      "dependencies": {
        "tslib": {
          "version": "1.14.1",
          "resolved": "https://registry.npmjs.org/tslib/-/tslib-1.14.1.tgz",
          "integrity": "sha512-Xni35NKzjgMrwevysHTCArtLDpPvye8zV/0E4EyYn43P7/7qvQwPh9BGkHewbMulVntbigmcT7rdX3BNo9wRJg=="
        }
      }
    },
    "@aws-sdk/util-waiter": {
      "version": "3.12.0",
      "resolved": "https://registry.npmjs.org/@aws-sdk/util-waiter/-/util-waiter-3.12.0.tgz",
      "integrity": "sha512-IG9toLZWsMRhA5U5b1Cw86XmIIjKF7zgOScgy/q7BKpIurVEKH+ddBN4vMU37sHFwkjhMr2ZPSpy8dyRR5TpwA==",
      "requires": {
        "@aws-sdk/abort-controller": "3.12.0",
        "@aws-sdk/types": "3.12.0",
        "tslib": "^1.8.0"
      },
      "dependencies": {
        "tslib": {
          "version": "1.14.1",
          "resolved": "https://registry.npmjs.org/tslib/-/tslib-1.14.1.tgz",
          "integrity": "sha512-Xni35NKzjgMrwevysHTCArtLDpPvye8zV/0E4EyYn43P7/7qvQwPh9BGkHewbMulVntbigmcT7rdX3BNo9wRJg=="
        }
      }
    },
    "@types/aws-lambda": {
      "version": "8.10.75",
      "resolved": "https://registry.npmjs.org/@types/aws-lambda/-/aws-lambda-8.10.75.tgz",
      "integrity": "sha512-orOKSsIVUMsAbKgbSX2ST3FwQt9pxinHVCAIAVl4SmmTxmki2Gu+cGqobMD3eYwDV5FV0YNtaXyxnvE9pLrKTw==",
      "dev": true
    },
    "@types/node": {
      "version": "14.14.41",
      "resolved": "https://registry.npmjs.org/@types/node/-/node-14.14.41.tgz",
      "integrity": "sha512-dueRKfaJL4RTtSa7bWeTK1M+VH+Gns73oCgzvYfHZywRCoPSd8EkXBL0mZ9unPTveBn+D9phZBaxuzpwjWkW0g==",
      "dev": true
    },
    "@types/uuid": {
      "version": "8.3.0",
      "resolved": "https://registry.npmjs.org/@types/uuid/-/uuid-8.3.0.tgz",
      "integrity": "sha512-eQ9qFW/fhfGJF8WKHGEHZEyVWfZxrT+6CLIJGBcZPfxUh/+BnEj+UCGYMlr9qZuX/2AltsvwrGqp0LhEW8D0zQ==",
      "dev": true
    },
    "bowser": {
      "version": "2.11.0",
      "resolved": "https://registry.npmjs.org/bowser/-/bowser-2.11.0.tgz",
      "integrity": "sha512-AlcaJBi/pqqJBIQ8U9Mcpc9i8Aqxn88Skv5d+xBX006BY5u8N3mGLHa5Lgppa7L/HfwgwLgZ6NYs+Ag6uUmJRA=="
    },
    "fast-xml-parser": {
      "version": "3.19.0",
      "resolved": "https://registry.npmjs.org/fast-xml-parser/-/fast-xml-parser-3.19.0.tgz",
      "integrity": "sha512-4pXwmBplsCPv8FOY1WRakF970TjNGnGnfbOnLqjlYvMiF1SR3yOHyxMR/YCXpPTOspNF5gwudqktIP4VsWkvBg=="
    },
    "tslib": {
      "version": "2.2.0",
      "resolved": "https://registry.npmjs.org/tslib/-/tslib-2.2.0.tgz",
      "integrity": "sha512-gS9GVHRU+RGn5KQM2rllAlR3dU6m7AcpJKdtH8gFvQiC4Otgk98XnmMU+nZenHt/+VhnBPWwgrJsyrdcw6i23w=="
    },
    "typescript": {
      "version": "4.2.4",
      "resolved": "https://registry.npmjs.org/typescript/-/typescript-4.2.4.tgz",
      "integrity": "sha512-V+evlYHZnQkaz8TRBuxTA92yZBPotr5H+WhQ7bD3hZUndx5tGOa1fuCgeSjxAzM1RiN5IzvadIXTVefuuwZCRg==",
      "dev": true
    },
    "uuid": {
      "version": "8.3.2",
      "resolved": "https://registry.npmjs.org/uuid/-/uuid-8.3.2.tgz",
      "integrity": "sha512-+NYs2QeMWy+GWFOEm9xnn6HCDp0l7QBD7ml8zLUmJ+93Q5NF0NocErnwkTkXVFNiX3/fpC6afS8Dhb/gz7R7eg=="
    }
  }
}
